{
  "name": "labelmaker",
  "version": "0.0.1",
  "lockfileVersion": 2,
  "requires": true,
  "packages": {
    "": {
      "name": "labelmaker",
      "version": "0.0.1",
      "hasInstallScript": true,
      "dependencies": {
        "learnhypertext": "^2.0.3"
      }
    },
    "node_modules/learnhypertext": {
      "version": "2.0.3",
      "resolved": "https://registry.npmjs.org/learnhypertext/-/learnhypertext-2.0.3.tgz",
      "integrity": "sha512-KE2LBa1ClG8cLp0V9IzMrOa0Ww315kP8/3HWWnrDFM3tS+PrLf7eBJwu0AZHAnkuWJ7pYsYyhfqA1+SYxIAHKw=="
    }
  },
  "dependencies": {
    "learnhypertext": {
      "version": "2.0.3",
      "resolved": "https://registry.npmjs.org/learnhypertext/-/learnhypertext-2.0.3.tgz",
      "integrity": "sha512-KE2LBa1ClG8cLp0V9IzMrOa0Ww315kP8/3HWWnrDFM3tS+PrLf7eBJwu0AZHAnkuWJ7pYsYyhfqA1+SYxIAHKw=="
    }
  }
}
